
Microsoft Visual Studio Solution File, Format Version 12.00
# Visual Studio Version 17
VisualStudioVersion = 17.4.33205.214
MinimumVisualStudioVersion = 10.0.40219.1
Project("{FAE04EC0-301F-11D3-BF4B-00C04F79EFBC}") = "題1", "LINQ\題1.csproj", "{082B60C2-7C2C-4691-8A9B-E79A9985C032}"
EndProject
Project("{FAE04EC0-301F-11D3-BF4B-00C04F79EFBC}") = "題2", "題2\題2.csproj", "{FF7EC73B-57D5-4D96-BCA9-673B29B70ACD}"
EndProject
Global
	GlobalSection(SolutionConfigurationPlatforms) = preSolution
		Debug|Any CPU = Debug|Any CPU
		Release|Any CPU = Release|Any CPU
	EndGlobalSection
	GlobalSection(ProjectConfigurationPlatforms) = postSolution
		{082B60C2-7C2C-4691-8A9B-E79A9985C032}.Debug|Any CPU.ActiveCfg = Debug|Any CPU
		{082B60C2-7C2C-4691-8A9B-E79A9985C032}.Debug|Any CPU.Build.0 = Debug|Any CPU
		{082B60C2-7C2C-4691-8A9B-E79A9985C032}.Release|Any CPU.ActiveCfg = Release|Any CPU
		{082B60C2-7C2C-4691-8A9B-E79A9985C032}.Release|Any CPU.Build.0 = Release|Any CPU
		{FF7EC73B-57D5-4D96-BCA9-673B29B70ACD}.Debug|Any CPU.ActiveCfg = Debug|Any CPU
		{FF7EC73B-57D5-4D96-BCA9-673B29B70ACD}.Debug|Any CPU.Build.0 = Debug|Any CPU
		{FF7EC73B-57D5-4D96-BCA9-673B29B70ACD}.Release|Any CPU.ActiveCfg = Release|Any CPU
		{FF7EC73B-57D5-4D96-BCA9-673B29B70ACD}.Release|Any CPU.Build.0 = Release|Any CPU
	EndGlobalSection
	GlobalSection(SolutionProperties) = preSolution
		HideSolutionNode = FALSE
	EndGlobalSection
	GlobalSection(ExtensibilityGlobals) = postSolution
		SolutionGuid = {8DB0E720-9886-4CDE-885F-8C9383DD843C}
	EndGlobalSection
EndGlobal
